// !$*UTF8*$!
{
	archiveVersion = 1;
	classes = {
	};
	objectVersion = 77;
	objects = {

/* Begin PBXBuildFile section */
		B4B2467E2FA1234500000002 /* 20 Questions/bear_dance.mp4 in Resources */ = {isa = PBXBuildFile; fileRef = B4B2467D2FA1234500000001 /* 20 Questions/bear_dance.mp4 */; };
		B4B246822FA1234500000005 /* 20 Questions/baboon_compressed.mp4 in Resources */ = {isa = PBXBuildFile; fileRef = B4B246832FA1234500000006 /* 20 Questions/baboon_compressed.mp4 */; };
		B4B246842FA1234500000007 /* 20 Questions/cat_compressed.mp4 in Resources */ = {isa = PBXBuildFile; fileRef = B4B246852FA1234500000008 /* 20 Questions/cat_compressed.mp4 */; };
		B4B246872FA1234500000009 /* 20 Questions/deer_compressed.mp4 in Resources */ = {isa = PBXBuildFile; fileRef = B4B246862FA123450000000A /* 20 Questions/deer_compressed.mp4 */; };
		C3E39AC22F90A1B4006C8721 /* 20 Questions/animals_ann.json in Resources */ = {isa = PBXBuildFile; fileRef = C3E39AC12F90A1B4006C8721 /* 20 Questions/animals_ann.json */; };
		D4E5E5102FEA93D1009B8290 /* Lottie in Frameworks */ = {isa = PBXBuildFile; productRef = D4E5E5112FEA93D1009B8290 /* Lottie */; };
/* End PBXBuildFile section */

/* Begin PBXContainerItemProxy section */
		09E291D82EC42E2400296F4F /* PBXContainerItemProxy */ = {
			isa = PBXContainerItemProxy;
			containerPortal = 09E291BD2EC42E2100296F4F /* Project object */;
			proxyType = 1;
			remoteGlobalIDString = 09E291C42EC42E2100296F4F;
			remoteInfo = "20 Questions";
		};
		09E291E22EC42E2400296F4F /* PBXContainerItemProxy */ = {
			isa = PBXContainerItemProxy;
			containerPortal = 09E291BD2EC42E2100296F4F /* Project object */;
			proxyType = 1;
			remoteGlobalIDString = 09E291C42EC42E2100296F4F;
			remoteInfo = "20 Questions";
		};
/* End PBXContainerItemProxy section */

/* Begin PBXFileReference section */
		09E291C52EC42E2100296F4F /* 20 Questions.app */ = {isa = PBXFileReference; explicitFileType = wrapper.application; includeInIndex = 0; path = "20 Questions.app"; sourceTree = BUILT_PRODUCTS_DIR; };
		09E291D72EC42E2400296F4F /* 20 QuestionsTests.xctest */ = {isa = PBXFileReference; explicitFileType = wrapper.cfbundle; includeInIndex = 0; path = "20 QuestionsTests.xctest"; sourceTree = BUILT_PRODUCTS_DIR; };
		09E291E12EC42E2400296F4F /* 20 QuestionsUITests.xctest */ = {isa = PBXFileReference; explicitFileType = wrapper.cfbundle; includeInIndex = 0; path = "20 QuestionsUITests.xctest"; sourceTree = BUILT_PRODUCTS_DIR; };
		B4B2467D2FA1234500000001 /* 20 Questions/bear_dance.mp4 */ = {isa = PBXFileReference; lastKnownFileType = video.mp4; path = "20 Questions/bear_dance.mp4"; sourceTree = "<group>"; };
		B4B246832FA1234500000006 /* 20 Questions/baboon_compressed.mp4 */ = {isa = PBXFileReference; lastKnownFileType = video.mp4; path = "20 Questions/baboon_compressed.mp4"; sourceTree = "<group>"; };
		B4B246852FA1234500000008 /* 20 Questions/cat_compressed.mp4 */ = {isa = PBXFileReference; lastKnownFileType = video.mp4; path = "20 Questions/cat_compressed.mp4"; sourceTree = "<group>"; };
		B4B246862FA123450000000A /* 20 Questions/deer_compressed.mp4 */ = {isa = PBXFileReference; lastKnownFileType = video.mp4; path = "20 Questions/deer_compressed.mp4"; sourceTree = "<group>"; };
		C3E39AC12F90A1B4006C8721 /* 20 Questions/animals_ann.json */ = {isa = PBXFileReference; lastKnownFileType = text.json; path = "20 Questions/animals_ann.json"; sourceTree = "<group>"; };
/* End PBXFileReference section */

/* Begin PBXFileSystemSynchronizedRootGroup section */
		09E291C72EC42E2100296F4F /* 20 Questions */ = {
			isa = PBXFileSystemSynchronizedRootGroup;
			path = "20 Questions";
			sourceTree = "<group>";
		};
		09E291DA2EC42E2400296F4F /* 20 QuestionsTests */ = {
			isa = PBXFileSystemSynchronizedRootGroup;
			path = "20 QuestionsTests";
			sourceTree = "<group>";
		};
		09E291E42EC42E2400296F4F /* 20 QuestionsUITests */ = {
			isa = PBXFileSystemSynchronizedRootGroup;
			path = "20 QuestionsUITests";
			sourceTree = "<group>";
		};
/* End PBXFileSystemSynchronizedRootGroup section */

/* Begin PBXFrameworksBuildPhase section */
		09E291C22EC42E2100296F4F /* Frameworks */ = {
			isa = PBXFrameworksBuildPhase;
			buildActionMask = 2147483647;
			files = (
				D4E5E5102FEA93D1009B8290 /* Lottie in Frameworks */,
			);
			runOnlyForDeploymentPostprocessing = 0;
		};
		09E291D42EC42E2400296F4F /* Frameworks */ = {
			isa = PBXFrameworksBuildPhase;
			buildActionMask = 2147483647;
			files = (
			);
			runOnlyForDeploymentPostprocessing = 0;
		};
		09E291DE2EC42E2400296F4F /* Frameworks */ = {
			isa = PBXFrameworksBuildPhase;
			buildActionMask = 2147483647;
			files = (
			);
			runOnlyForDeploymentPostprocessing = 0;
		};
/* End PBXFrameworksBuildPhase section */

/* Begin PBXGroup section */
		09E291BC2EC42E2100296F4F = {
			isa = PBXGroup;
			children = (
				09E291C72EC42E2100296F4F /* 20 Questions */,
				09E291DA2EC42E2400296F4F /* 20 QuestionsTests */,
				09E291E42EC42E2400296F4F /* 20 QuestionsUITests */,
				09E291C62EC42E2100296F4F /* Products */,
				C3E39AC12F90A1B4006C8721 /* 20 Questions/animals_ann.json */,
				B06FE83D2EED1F4300A69350 /* Recovered References */,
			);
			sourceTree = "<group>";
		};
		09E291C62EC42E2100296F4F /* Products */ = {
			isa = PBXGroup;
			children = (
				09E291C52EC42E2100296F4F /* 20 Questions.app */,
				09E291D72EC42E2400296F4F /* 20 QuestionsTests.xctest */,
				09E291E12EC42E2400296F4F /* 20 QuestionsUITests.xctest */,
			);
			name = Products;
			sourceTree = "<group>";
		};
		B06FE83D2EED1F4300A69350 /* Recovered References */ = {
			isa = PBXGroup;
			children = (
				B4B2467D2FA1234500000001 /* 20 Questions/bear_dance.mp4 */,
				B4B246832FA1234500000006 /* 20 Questions/baboon_compressed.mp4 */,
				B4B246852FA1234500000008 /* 20 Questions/cat_compressed.mp4 */,
				B4B246862FA123450000000A /* 20 Questions/deer_compressed.mp4 */,
			);
			name = "Recovered References";
			sourceTree = "<group>";
		};
/* End PBXGroup section */

/* Begin PBXNativeTarget section */
		09E291C42EC42E2100296F4F /* 20 Questions */ = {
			isa = PBXNativeTarget;
			buildConfigurationList = 09E291EB2EC42E2400296F4F /* Build configuration list for PBXNativeTarget "20 Questions" */;
			buildPhases = (
				09E291C12EC42E2100296F4F /* Sources */,
				09E291C22EC42E2100296F4F /* Frameworks */,
				09E291C32EC42E2100296F4F /* Resources */,
			);
			buildRules = (
			);
			dependencies = (
			);
			fileSystemSynchronizedGroups = (
				09E291C72EC42E2100296F4F /* 20 Questions */,
			);
			name = "20 Questions";
			packageProductDependencies = (
				D4E5E5112FEA93D1009B8290 /* Lottie */,
			);
			productName = "20 Questions";
			productReference = 09E291C52EC42E2100296F4F /* 20 Questions.app */;
			productType = "com.apple.product-type.application";
		};
		09E291D62EC42E2400296F4F /* 20 QuestionsTests */ = {
			isa = PBXNativeTarget;
			buildConfigurationList = 09E291EE2EC42E2400296F4F /* Build configuration list for PBXNativeTarget "20 QuestionsTests" */;
			buildPhases = (
				09E291D32EC42E2400296F4F /* Sources */,
				09E291D42EC42E2400296F4F /* Frameworks */,
				09E291D52EC42E2400296F4F /* Resources */,
			);
			buildRules = (
			);
			dependencies = (
				09E291D92EC42E2400296F4F /* PBXTargetDependency */,
			);
			fileSystemSynchronizedGroups = (
				09E291DA2EC42E2400296F4F /* 20 QuestionsTests */,
			);
			name = "20 QuestionsTests";
			packageProductDependencies = (
			);
			productName = "20 QuestionsTests";
			productReference = 09E291D72EC42E2400296F4F /* 20 QuestionsTests.xctest */;
			productType = "com.apple.product-type.bundle.unit-test";
		};
		09E291E02EC42E2400296F4F /* 20 QuestionsUITests */ = {
			isa = PBXNativeTarget;
			buildConfigurationList = 09E291F12EC42E2400296F4F /* Build configuration list for PBXNativeTarget "20 QuestionsUITests" */;
			buildPhases = (
				09E291DD2EC42E2400296F4F /* Sources */,
				09E291DE2EC42E2400296F4F /* Frameworks */,
				09E291DF2EC42E2400296F4F /* Resources */,
			);
			buildRules = (
			);
			dependencies = (
				09E291E32EC42E2400296F4F /* PBXTargetDependency */,
			);
			fileSystemSynchronizedGroups = (
				09E291E42EC42E2400296F4F /* 20 QuestionsUITests */,
			);
			name = "20 QuestionsUITests";
			packageProductDependencies = (
			);
			productName = "20 QuestionsUITests";
			productReference = 09E291E12EC42E2400296F4F /* 20 QuestionsUITests.xctest */;
			productType = "com.apple.product-type.bundle.ui-testing";
		};
/* End PBXNativeTarget section */

/* Begin PBXProject section */
		09E291BD2EC42E2100296F4F /* Project object */ = {
			isa = PBXProject;
			attributes = {
				BuildIndependentTargetsInParallel = 1;
				LastSwiftUpdateCheck = 1620;
				LastUpgradeCheck = 1620;
				TargetAttributes = {
					09E291C42EC42E2100296F4F = {
						CreatedOnToolsVersion = 16.2;
					};
					09E291D62EC42E2400296F4F = {
						CreatedOnToolsVersion = 16.2;
						TestTargetID = 09E291C42EC42E2100296F4F;
					};
					09E291E02EC42E2400296F4F = {
						CreatedOnToolsVersion = 16.2;
						TestTargetID = 09E291C42EC42E2100296F4F;
					};
				};
			};
			buildConfigurationList = 09E291C02EC42E2100296F4F /* Build configuration list for PBXProject "20 Questions" */;
			developmentRegion = en;
			hasScannedForEncodings = 0;
			knownRegions = (
				en,
				Base,
			);
			mainGroup = 09E291BC2EC42E2100296F4F;
			minimizedProjectReferenceProxies = 1;
			packageReferences = (
				D4E5E5122FEA93D1009B8290 /* XCRemoteSwiftPackageReference "lottie-spm" */,
			);
			preferredProjectObjectVersion = 77;
			productRefGroup = 09E291C62EC42E2100296F4F /* Products */;
			projectDirPath = "";
			projectRoot = "";
			targets = (
				09E291C42EC42E2100296F4F /* 20 Questions */,
				09E291D62EC42E2400296F4F /* 20 QuestionsTests */,
				09E291E02EC42E2400296F4F /* 20 QuestionsUITests */,
			);
		};
/* End PBXProject section */

/* Begin PBXResourcesBuildPhase section */
		09E291C32EC42E2100296F4F /* Resources */ = {
			isa = PBXResourcesBuildPhase;
			buildActionMask = 2147483647;
			files = (
				C3E39AC22F90A1B4006C8721 /* 20 Questions/animals_ann.json in Resources */,
				B4B2467E2FA1234500000002 /* 20 Questions/bear_dance.mp4 in Resources */,
				B4B246822FA1234500000005 /* 20 Questions/baboon_compressed.mp4 in Resources */,
				B4B246842FA1234500000007 /* 20 Questions/cat_compressed.mp4 in Resources */,
				B4B246872FA1234500000009 /* 20 Questions/deer_compressed.mp4 in Resources */,
			);
			runOnlyForDeploymentPostprocessing = 0;
		};
		09E291D52EC42E2400296F4F /* Resources */ = {
			isa = PBXResourcesBuildPhase;
			buildActionMask = 2147483647;
			files = (
			);
			runOnlyForDeploymentPostprocessing = 0;
		};
		09E291DF2EC42E2400296F4F /* Resources */ = {
			isa = PBXResourcesBuildPhase;
			buildActionMask = 2147483647;
			files = (
			);
			runOnlyForDeploymentPostprocessing = 0;
		};
/* End PBXResourcesBuildPhase section */

/* Begin PBXSourcesBuildPhase section */
		09E291C12EC42E2100296F4F /* Sources */ = {
			isa = PBXSourcesBuildPhase;
			buildActionMask = 2147483647;
			files = (
			);
			runOnlyForDeploymentPostprocessing = 0;
		};
		09E291D32EC42E2400296F4F /* Sources */ = {
			isa = PBXSourcesBuildPhase;
			buildActionMask = 2147483647;
			files = (
			);
			runOnlyForDeploymentPostprocessing = 0;
		};
		09E291DD2EC42E2400296F4F /* Sources */ = {
			isa = PBXSourcesBuildPhase;
			buildActionMask = 2147483647;
			files = (
			);
			runOnlyForDeploymentPostprocessing = 0;
		};
/* End PBXSourcesBuildPhase section */

/* Begin PBXTargetDependency section */
		09E291D92EC42E2400296F4F /* PBXTargetDependency */ = {
			isa = PBXTargetDependency;
			target = 09E291C42EC42E2100296F4F /* 20 Questions */;
			targetProxy = 09E291D82EC42E2400296F4F /* PBXContainerItemProxy */;
		};
		09E291E32EC42E2400296F4F /* PBXTargetDependency */ = {
			isa = PBXTargetDependency;
			target = 09E291C42EC42E2100296F4F /* 20 Questions */;
			targetProxy = 09E291E22EC42E2400296F4F /* PBXContainerItemProxy */;
		};
/* End PBXTargetDependency section */

/* Begin XCBuildConfiguration section */
		09E291E92EC42E2400296F4F /* Debug */ = {
			isa = XCBuildConfiguration;
			buildSettings = {
				ALWAYS_SEARCH_USER_PATHS = NO;
				ASSETCATALOG_COMPILER_GENERATE_SWIFT_ASSET_SYMBOL_EXTENSIONS = YES;
				CLANG_ANALYZER_NONNULL = YES;
				CLANG_ANALYZER_NUMBER_OBJECT_CONVERSION = YES_AGGRESSIVE;
				CLANG_CXX_LANGUAGE_STANDARD = "gnu++20";
				CLANG_ENABLE_MODULES = YES;
				CLANG_ENABLE_OBJC_ARC = YES;
				CLANG_ENABLE_OBJC_WEAK = YES;
				CLANG_WARN_BLOCK_CAPTURE_AUTORELEASING = YES;
				CLANG_WARN_BOOL_CONVERSION = YES;
				CLANG_WARN_COMMA = YES;
				CLANG_WARN_CONSTANT_CONVERSION = YES;
				CLANG_WARN_DEPRECATED_OBJC_IMPLEMENTATIONS = YES;
				CLANG_WARN_DIRECT_OBJC_ISA_USAGE = YES_ERROR;
				CLANG_WARN_DOCUMENTATION_COMMENTS = YES;
				CLANG_WARN_EMPTY_BODY = YES;
				CLANG_WARN_ENUM_CONVERSION = YES;
				CLANG_WARN_INFINITE_RECURSION = YES;
				CLANG_WARN_INT_CONVERSION = YES;
				CLANG_WARN_NON_LITERAL_NULL_CONVERSION = YES;
				CLANG_WARN_OBJC_IMPLICIT_RETAIN_SELF = YES;
				CLANG_WARN_OBJC_LITERAL_CONVERSION = YES;
				CLANG_WARN_OBJC_ROOT_CLASS = YES_ERROR;
				CLANG_WARN_QUOTED_INCLUDE_IN_FRAMEWORK_HEADER = YES;
				CLANG_WARN_RANGE_LOOP_ANALYSIS = YES;
				CLANG_WARN_STRICT_PROTOTYPES = YES;
				CLANG_WARN_SUSPICIOUS_MOVE = YES;
				CLANG_WARN_UNGUARDED_AVAILABILITY = YES_AGGRESSIVE;
				CLANG_WARN_UNREACHABLE_CODE = YES;
				CLANG_WARN__DUPLICATE_METHOD_MATCH = YES;
				COPY_PHASE_STRIP = NO;
				DEBUG_INFORMATION_FORMAT = dwarf;
				ENABLE_STRICT_OBJC_MSGSEND = YES;
				ENABLE_TESTABILITY = YES;
				ENABLE_USER_SCRIPT_SANDBOXING = YES;
				GCC_C_LANGUAGE_STANDARD = gnu17;
				GCC_DYNAMIC_NO_PIC = NO;
				GCC_NO_COMMON_BLOCKS = YES;
				GCC_OPTIMIZATION_LEVEL = 0;
				GCC_PREPROCESSOR_DEFINITIONS = (
					"DEBUG=1",
					"$(inherited)",
				);
				GCC_WARN_64_TO_32_BIT_CONVERSION = YES;
				GCC_WARN_ABOUT_RETURN_TYPE = YES_ERROR;
				GCC_WARN_UNDECLARED_SELECTOR = YES;
				GCC_WARN_UNINITIALIZED_AUTOS = YES_AGGRESSIVE;
				GCC_WARN_UNUSED_FUNCTION = YES;
				GCC_WARN_UNUSED_VARIABLE = YES;
				IPHONEOS_DEPLOYMENT_TARGET = 18.2;
				LOCALIZATION_PREFERS_STRING_CATALOGS = YES;
				MTL_ENABLE_DEBUG_INFO = INCLUDE_SOURCE;
				MTL_FAST_MATH = YES;
				ONLY_ACTIVE_ARCH = YES;
				SDKROOT = iphoneos;
				SWIFT_ACTIVE_COMPILATION_CONDITIONS = "DEBUG $(inherited)";
				SWIFT_OPTIMIZATION_LEVEL = "-Onone";
			};
			name = Debug;
		};
		09E291EA2EC42E2400296F4F /* Release */ = {
			isa = XCBuildConfiguration;
			buildSettings = {
				ALWAYS_SEARCH_USER_PATHS = NO;
				ASSETCATALOG_COMPILER_GENERATE_SWIFT_ASSET_SYMBOL_EXTENSIONS = YES;
				CLANG_ANALYZER_NONNULL = YES;
				CLANG_ANALYZER_NUMBER_OBJECT_CONVERSION = YES_AGGRESSIVE;
				CLANG_CXX_LANGUAGE_STANDARD = "gnu++20";
				CLANG_ENABLE_MODULES = YES;
				CLANG_ENABLE_OBJC_ARC = YES;
				CLANG_ENABLE_OBJC_WEAK = YES;
				CLANG_WARN_BLOCK_CAPTURE_AUTORELEASING = YES;
				CLANG_WARN_BOOL_CONVERSION = YES;
				CLANG_WARN_COMMA = YES;
				CLANG_WARN_CONSTANT_CONVERSION = YES;
				CLANG_WARN_DEPRECATED_OBJC_IMPLEMENTATIONS = YES;
				CLANG_WARN_DIRECT_OBJC_ISA_USAGE = YES_ERROR;
				CLANG_WARN_DOCUMENTATION_COMMENTS = YES;
				CLANG_WARN_EMPTY_BODY = YES;
				CLANG_WARN_ENUM_CONVERSION = YES;
				CLANG_WARN_INFINITE_RECURSION = YES;
				CLANG_WARN_INT_CONVERSION = YES;
				CLANG_WARN_NON_LITERAL_NULL_CONVERSION = YES;
				CLANG_WARN_OBJC_IMPLICIT_RETAIN_SELF = YES;
				CLANG_WARN_OBJC_LITERAL_CONVERSION = YES;
				CLANG_WARN_OBJC_ROOT_CLASS = YES_ERROR;
				CLANG_WARN_QUOTED_INCLUDE_IN_FRAMEWORK_HEADER = YES;
				CLANG_WARN_RANGE_LOOP_ANALYSIS = YES;
				CLANG_WARN_STRICT_PROTOTYPES = YES;
				CLANG_WARN_SUSPICIOUS_MOVE = YES;
				CLANG_WARN_UNGUARDED_AVAILABILITY = YES_AGGRESSIVE;
				CLANG_WARN_UNREACHABLE_CODE = YES;
				CLANG_WARN__DUPLICATE_METHOD_MATCH = YES;
				COPY_PHASE_STRIP = NO;
				DEBUG_INFORMATION_FORMAT = "dwarf-with-dsym";
				ENABLE_NS_ASSERTIONS = NO;
				ENABLE_STRICT_OBJC_MSGSEND = YES;
				ENABLE_USER_SCRIPT_SANDBOXING = YES;
				GCC_C_LANGUAGE_STANDARD = gnu17;
				GCC_NO_COMMON_BLOCKS = YES;
				GCC_WARN_64_TO_32_BIT_CONVERSION = YES;
				GCC_WARN_ABOUT_RETURN_TYPE = YES_ERROR;
				GCC_WARN_UNDECLARED_SELECTOR = YES;
				GCC_WARN_UNINITIALIZED_AUTOS = YES_AGGRESSIVE;
				GCC_WARN_UNUSED_FUNCTION = YES;
				GCC_WARN_UNUSED_VARIABLE = YES;
				IPHONEOS_DEPLOYMENT_TARGET = 18.2;
				LOCALIZATION_PREFERS_STRING_CATALOGS = YES;
				MTL_ENABLE_DEBUG_INFO = NO;
				MTL_FAST_MATH = YES;
				SDKROOT = iphoneos;
				SWIFT_COMPILATION_MODE = wholemodule;
				VALIDATE_PRODUCT = YES;
			};
			name = Release;
		};
		09E291EC2EC42E2400296F4F /* Debug */ = {
			isa = XCBuildConfiguration;
			buildSettings = {
				ASSETCATALOG_COMPILER_APPICON_NAME = AppIcon;
				ASSETCATALOG_COMPILER_GLOBAL_ACCENT_COLOR_NAME = AccentColor;
				CODE_SIGN_STYLE = Automatic;
				CURRENT_PROJECT_VERSION = 1;
				DEVELOPMENT_ASSET_PATHS = "\"20 Questions/Preview Content\"";
				DEVELOPMENT_TEAM = 77F3383U2A;
				ENABLE_PREVIEWS = YES;
				GENERATE_INFOPLIST_FILE = YES;
				INFOPLIST_KEY_UIApplicationSceneManifest_Generation = YES;
				INFOPLIST_KEY_UIApplicationSupportsIndirectInputEvents = YES;
				INFOPLIST_KEY_UILaunchScreen_Generation = YES;
				INFOPLIST_KEY_UISupportedInterfaceOrientations_iPad = "UIInterfaceOrientationPortrait UIInterfaceOrientationPortraitUpsideDown UIInterfaceOrientationLandscapeLeft UIInterfaceOrientationLandscapeRight";
				INFOPLIST_KEY_UISupportedInterfaceOrientations_iPhone = "UIInterfaceOrientationPortrait UIInterfaceOrientationLandscapeLeft UIInterfaceOrientationLandscapeRight";
				IPHONEOS_DEPLOYMENT_TARGET = 26.0;
				LD_RUNPATH_SEARCH_PATHS = (
					"$(inherited)",
					"@executable_path/Frameworks",
				);
				MARKETING_VERSION = 1.0;
				OTHER_LDFLAGS = (
					"$(inherited)",
					"-framework",
					FoundationModels,
				);
				PRODUCT_BUNDLE_IDENTIFIER = "Steven.-0-Questions";
				PRODUCT_NAME = "$(TARGET_NAME)";
				SWIFT_EMIT_LOC_STRINGS = YES;
				SWIFT_VERSION = 5.0;
				TARGETED_DEVICE_FAMILY = "1,2";
			};
			name = Debug;
		};
		09E291ED2EC42E2400296F4F /* Release */ = {
			isa = XCBuildConfiguration;
			buildSettings = {
				ASSETCATALOG_COMPILER_APPICON_NAME = AppIcon;
				ASSETCATALOG_COMPILER_GLOBAL_ACCENT_COLOR_NAME = AccentColor;
				CODE_SIGN_STYLE = Automatic;
				CURRENT_PROJECT_VERSION = 1;
				DEVELOPMENT_ASSET_PATHS = "\"20 Questions/Preview Content\"";
				DEVELOPMENT_TEAM = 77F3383U2A;
				ENABLE_PREVIEWS = YES;
				GENERATE_INFOPLIST_FILE = YES;
				INFOPLIST_KEY_UIApplicationSceneManifest_Generation = YES;
				INFOPLIST_KEY_UIApplicationSupportsIndirectInputEvents = YES;
				INFOPLIST_KEY_UILaunchScreen_Generation = YES;
				INFOPLIST_KEY_UISupportedInterfaceOrientations_iPad = "UIInterfaceOrientationPortrait UIInterfaceOrientationPortraitUpsideDown UIInterfaceOrientationLandscapeLeft UIInterfaceOrientationLandscapeRight";
				INFOPLIST_KEY_UISupportedInterfaceOrientations_iPhone = "UIInterfaceOrientationPortrait UIInterfaceOrientationLandscapeLeft UIInterfaceOrientationLandscapeRight";
				IPHONEOS_DEPLOYMENT_TARGET = 26.0;
				LD_RUNPATH_SEARCH_PATHS = (
					"$(inherited)",
					"@executable_path/Frameworks",
				);
				MARKETING_VERSION = 1.0;
				OTHER_LDFLAGS = (
					"$(inherited)",
					"-framework",
					FoundationModels,
				);
				PRODUCT_BUNDLE_IDENTIFIER = "Steven.-0-Questions";
				PRODUCT_NAME = "$(TARGET_NAME)";
				SWIFT_EMIT_LOC_STRINGS = YES;
				SWIFT_VERSION = 5.0;
				TARGETED_DEVICE_FAMILY = "1,2";
			};
			name = Release;
		};
		09E291EF2EC42E2400296F4F /* Debug */ = {
			isa = XCBuildConfiguration;
			buildSettings = {
				BUNDLE_LOADER = "$(TEST_HOST)";
				CODE_SIGN_STYLE = Automatic;
				CURRENT_PROJECT_VERSION = 1;
				DEVELOPMENT_TEAM = 77F3383U2A;
				GENERATE_INFOPLIST_FILE = YES;
				IPHONEOS_DEPLOYMENT_TARGET = 18.2;
				MARKETING_VERSION = 1.0;
				PRODUCT_BUNDLE_IDENTIFIER = "Steven.-0-QuestionsTests";
				PRODUCT_NAME = "$(TARGET_NAME)";
				SWIFT_EMIT_LOC_STRINGS = NO;
				SWIFT_VERSION = 5.0;
				TARGETED_DEVICE_FAMILY = "1,2";
				TEST_HOST = "$(BUILT_PRODUCTS_DIR)/20 Questions.app/$(BUNDLE_EXECUTABLE_FOLDER_PATH)/20 Questions";
			};
			name = Debug;
		};
		09E291F02EC42E2400296F4F /* Release */ = {
			isa = XCBuildConfiguration;
			buildSettings = {
				BUNDLE_LOADER = "$(TEST_HOST)";
				CODE_SIGN_STYLE = Automatic;
				CURRENT_PROJECT_VERSION = 1;
				DEVELOPMENT_TEAM = 77F3383U2A;
				GENERATE_INFOPLIST_FILE = YES;
				IPHONEOS_DEPLOYMENT_TARGET = 18.2;
				MARKETING_VERSION = 1.0;
				PRODUCT_BUNDLE_IDENTIFIER = "Steven.-0-QuestionsTests";
				PRODUCT_NAME = "$(TARGET_NAME)";
				SWIFT_EMIT_LOC_STRINGS = NO;
				SWIFT_VERSION = 5.0;
				TARGETED_DEVICE_FAMILY = "1,2";
				TEST_HOST = "$(BUILT_PRODUCTS_DIR)/20 Questions.app/$(BUNDLE_EXECUTABLE_FOLDER_PATH)/20 Questions";
			};
			name = Release;
		};
		09E291F22EC42E2400296F4F /* Debug */ = {
			isa = XCBuildConfiguration;
			buildSettings = {
				CODE_SIGN_STYLE = Automatic;
				CURRENT_PROJECT_VERSION = 1;
				DEVELOPMENT_TEAM = 77F3383U2A;
				GENERATE_INFOPLIST_FILE = YES;
				MARKETING_VERSION = 1.0;
				PRODUCT_BUNDLE_IDENTIFIER = "Steven.-0-QuestionsUITests";
				PRODUCT_NAME = "$(TARGET_NAME)";
				SWIFT_EMIT_LOC_STRINGS = NO;
				SWIFT_VERSION = 5.0;
				TARGETED_DEVICE_FAMILY = "1,2";
				TEST_TARGET_NAME = "20 Questions";
			};
			name = Debug;
		};
		09E291F32EC42E2400296F4F /* Release */ = {
			isa = XCBuildConfiguration;
			buildSettings = {
				CODE_SIGN_STYLE = Automatic;
				CURRENT_PROJECT_VERSION = 1;
				DEVELOPMENT_TEAM = 77F3383U2A;
				GENERATE_INFOPLIST_FILE = YES;
				MARKETING_VERSION = 1.0;
				PRODUCT_BUNDLE_IDENTIFIER = "Steven.-0-QuestionsUITests";
				PRODUCT_NAME = "$(TARGET_NAME)";
				SWIFT_EMIT_LOC_STRINGS = NO;
				SWIFT_VERSION = 5.0;
				TARGETED_DEVICE_FAMILY = "1,2";
				TEST_TARGET_NAME = "20 Questions";
			};
			name = Release;
		};
/* End XCBuildConfiguration section */

/* Begin XCConfigurationList section */
		09E291C02EC42E2100296F4F /* Build configuration list for PBXProject "20 Questions" */ = {
			isa = XCConfigurationList;
			buildConfigurations = (
				09E291E92EC42E2400296F4F /* Debug */,
				09E291EA2EC42E2400296F4F /* Release */,
			);
			defaultConfigurationIsVisible = 0;
			defaultConfigurationName = Release;
		};
		09E291EB2EC42E2400296F4F /* Build configuration list for PBXNativeTarget "20 Questions" */ = {
			isa = XCConfigurationList;
			buildConfigurations = (
				09E291EC2EC42E2400296F4F /* Debug */,
				09E291ED2EC42E2400296F4F /* Release */,
			);
			defaultConfigurationIsVisible = 0;
			defaultConfigurationName = Release;
		};
		09E291EE2EC42E2400296F4F /* Build configuration list for PBXNativeTarget "20 QuestionsTests" */ = {
			isa = XCConfigurationList;
			buildConfigurations = (
				09E291EF2EC42E2400296F4F /* Debug */,
				09E291F02EC42E2400296F4F /* Release */,
			);
			defaultConfigurationIsVisible = 0;
			defaultConfigurationName = Release;
		};
		09E291F12EC42E2400296F4F /* Build configuration list for PBXNativeTarget "20 QuestionsUITests" */ = {
			isa = XCConfigurationList;
			buildConfigurations = (
				09E291F22EC42E2400296F4F /* Debug */,
				09E291F32EC42E2400296F4F /* Release */,
			);
			defaultConfigurationIsVisible = 0;
			defaultConfigurationName = Release;
		};
/* End XCConfigurationList section */

/* Begin XCRemoteSwiftPackageReference section */
		D4E5E5122FEA93D1009B8290 /* XCRemoteSwiftPackageReference "lottie-spm" */ = {
			isa = XCRemoteSwiftPackageReference;
			repositoryURL = "https://github.com/airbnb/lottie-spm.git";
			requirement = {
				kind = upToNextMajorVersion;
				minimumVersion = 4.4.0;
			};
		};
/* End XCRemoteSwiftPackageReference section */

/* Begin XCSwiftPackageProductDependency section */
		D4E5E5112FEA93D1009B8290 /* Lottie */ = {
			isa = XCSwiftPackageProductDependency;
			package = D4E5E5122FEA93D1009B8290 /* XCRemoteSwiftPackageReference "lottie-spm" */;
			productName = Lottie;
		};
/* End XCSwiftPackageProductDependency section */
	};
	rootObject = 09E291BD2EC42E2100296F4F /* Project object */;
}
